
Microsoft Visual Studio Solution File, Format Version 11.00
# Visual Studio 2010
Project("{8BC9CEB8-8B4A-11D0-8D11-00A0C91BC942}") = "hw1_sln", "hw1_sln\hw1_sln.vcxproj", "{A95B956C-265E-4D8A-AC6A-F18D2C8DD11D}"
EndProject
Global
	GlobalSection(SolutionConfigurationPlatforms) = preSolution
		Debug|Win32 = Debug|Win32
		Release|Win32 = Release|Win32
	EndGlobalSection
	GlobalSection(ProjectConfigurationPlatforms) = postSolution
		{A95B956C-265E-4D8A-AC6A-F18D2C8DD11D}.Debug|Win32.ActiveCfg = Debug|Win32
		{A95B956C-265E-4D8A-AC6A-F18D2C8DD11D}.Debug|Win32.Build.0 = Debug|Win32
		{A95B956C-265E-4D8A-AC6A-F18D2C8DD11D}.Release|Win32.ActiveCfg = Release|Win32
		{A95B956C-265E-4D8A-AC6A-F18D2C8DD11D}.Release|Win32.Build.0 = Release|Win32
	EndGlobalSection
	GlobalSection(SolutionProperties) = preSolution
		HideSolutionNode = FALSE
	EndGlobalSection
EndGlobal
